[root]
name = "aoc_07"
version = "0.1.0"
dependencies = [
 "nom 1.0.1 (registry+https://github.com/rust-lang/crates.io-index)",
 "topological-sort 0.0.5 (registry+https://github.com/rust-lang/crates.io-index)",
]

[[package]]
name = "nom"
version = "1.0.1"
source = "registry+https://github.com/rust-lang/crates.io-index"

[[package]]
name = "topological-sort"
version = "0.0.5"
source = "registry+https://github.com/rust-lang/crates.io-index"

